lockfileVersion: '9.0'

settings:
  autoInstallPeers: true
  excludeLinksFromLockfile: false

importers:

  .:
    dependencies:
      '@mercuryworkshop/wisp-js':
        specifier: ^0.4.1
        version: 0.4.1
    devDependencies:
      '@types/node':
        specifier: ^24.1.0
        version: 24.13.3
      playwright:
        specifier: ^1.62.0
        version: 1.62.1
      typescript:
        specifier: ^5.9.2
        version: 5.9.3

packages:

  '@mercuryworkshop/wisp-js@0.4.1':
    resolution: {integrity: sha512-104LwiXiuhti/e32gmv0Da0u0yuLFDHX8JawCzleTPWJ5t5qTX4EYi4E7/ucbjBPN9wwVPWHE5g5yGqzl/NzQA==}
    hasBin: true

  '@types/node@24.13.3':
    resolution: {integrity: sha512-Dh8vAsV36ig5wa9OX4pXvMc9D3Veibfw2wix0CUwYODLD8nkj9UsLjASr49nPg+2eKzxhBV+v7L8pXvT4e639Q==}

  bufferutil@4.1.0:
    resolution: {integrity: sha512-ZMANVnAixE6AWWnPzlW2KpUrxhm9woycYvPOo67jWHyFowASTEd9s+QN1EIMsSDtwhIxN4sWE1jotpuDUIgyIw==}
    engines: {node: '>=6.14.2'}

  commander@14.0.3:
    resolution: {integrity: sha512-H+y0Jo/T1RZ9qPP4Eh1pkcQcLRglraJaSLoyOtHxu6AapkjWVCy2Sit1QQ4x3Dng8qDlSsZEet7g5Pq06MvTgw==}
    engines: {node: '>=20'}

  fsevents@2.3.2:
    resolution: {integrity: sha512-xiqMQR4xAeHTuB9uWm+fFRcIOgKBMiOBP+eXiyT7jsgVCq1bkVygt00oASowB7EdtpOHaaPgKt812P9ab+DDKA==}
    engines: {node: ^8.16.0 || ^10.6.0 || >=11.0.0}
    os: [darwin]

  ipaddr.js@2.4.0:
    resolution: {integrity: sha512-9VGk3HGanVE6JoZXHiCpnGy5X0jYDnN4EA4lntFPj+1vIWlFhIylq2CrrCOJH9EAhc5CYhq18F2Av2tgoAPsYQ==}
    engines: {node: '>= 10'}

  node-gyp-build@4.8.4:
    resolution: {integrity: sha512-LA4ZjwlnUblHVgq0oBF3Jl/6h/Nvs5fzBLwdEF4nuxnFdsfajde4WfxtJr3CaiH+F6ewcIB/q4jQ4UzPyid+CQ==}
    hasBin: true

  playwright-core@1.62.1:
    resolution: {integrity: sha512-wPYSwEBJY9GHraISXqyqtx0na0LpO3XEX7jNDhntbex7tzUS7kLnZsOlFruFJB4Hi/rhDMjXGqHewDZ68nYZVw==}
    engines: {node: '>=20'}
    hasBin: true

  playwright@1.62.1:
    resolution: {integrity: sha512-0M+L3LAD8/nm554LOla9Ayx0j0tmFZ0FBcoQ7F1VuVHpM/XpiC8RcDzBQB8W5+hA8L22THxELzeF+2WcUzvcLg==}
    engines: {node: '>=20'}
    hasBin: true

  typescript@5.9.3:
    resolution: {integrity: sha512-jl1vZzPDinLr9eUt3J/t7V6FgNEw9QjvBPdysz9KfQDD41fQrC2Y4vKQdiaUpFT4bXlb1RHhLpp8wtm6M5TgSw==}
    engines: {node: '>=14.17'}
    hasBin: true

  undici-types@7.18.2:
    resolution: {integrity: sha512-AsuCzffGHJybSaRrmr5eHr81mwJU3kjw6M+uprWvCXiNeN9SOGwQ3Jn8jb8m3Z6izVgknn1R0FTCEAP2QrLY/w==}

  ws@8.21.1:
    resolution: {integrity: sha512-+0NTnW77fFN/DjQi6k/Sq/Yvk4Sgajw7urW8V+asjXnRgDs9gyGkdb7EzgfhA4goXsRIZKE28fzIXBHEzhuiWw==}
    engines: {node: '>=10.0.0'}
    peerDependencies:
      bufferutil: ^4.0.1
      utf-8-validate: '>=5.0.2'
    peerDependenciesMeta:
      bufferutil:
        optional: true
      utf-8-validate:
        optional: true

snapshots:

  '@mercuryworkshop/wisp-js@0.4.1':
    dependencies:
      bufferutil: 4.1.0
      commander: 14.0.3
      ipaddr.js: 2.4.0
      ws: 8.21.1(bufferutil@4.1.0)
    transitivePeerDependencies:
      - utf-8-validate

  '@types/node@24.13.3':
    dependencies:
      undici-types: 7.18.2

  bufferutil@4.1.0:
    dependencies:
      node-gyp-build: 4.8.4

  commander@14.0.3: {}

  fsevents@2.3.2:
    optional: true

  ipaddr.js@2.4.0: {}

  node-gyp-build@4.8.4: {}

  playwright-core@1.62.1: {}

  playwright@1.62.1:
    dependencies:
      playwright-core: 1.62.1
    optionalDependencies:
      fsevents: 2.3.2

  typescript@5.9.3: {}

  undici-types@7.18.2: {}

  ws@8.21.1(bufferutil@4.1.0):
    optionalDependencies:
      bufferutil: 4.1.0
